
Microsoft Visual Studio Solution File, Format Version 12.00
# Visual Studio Version 17
VisualStudioVersion = 17.1.32319.34
MinimumVisualStudioVersion = 10.0.40219.1
Project("{FAE04EC0-301F-11D3-BF4B-00C04F79EFBC}") = "Lesson17_Regex", "Lesson17_Regex\Lesson17_Regex.csproj", "{297EF777-C0E8-4BC2-97BB-46ADAE739E4E}"
EndProject
Project("{FAE04EC0-301F-11D3-BF4B-00C04F79EFBC}") = "Lesson17_LocalFunctions", "Lesson17_LocalFunctions\Lesson17_LocalFunctions.csproj", "{9FF19D11-DDE5-44B2-B907-03A804D89B1B}"
EndProject
Project("{FAE04EC0-301F-11D3-BF4B-00C04F79EFBC}") = "Lesson17_Log", "Lesson17_Log\Lesson17_Log.csproj", "{64072EAB-9085-491E-84FC-B96EE7E45B84}"
EndProject
Project("{FAE04EC0-301F-11D3-BF4B-00C04F79EFBC}") = "Lesson17_ReflectionAndAttribute", "Lesson17_ReflectionAndAttribute\Lesson17_ReflectionAndAttribute.csproj", "{FB5BEEE5-C7DF-4597-80EF-9FA677B04357}"
EndProject
Global
	GlobalSection(SolutionConfigurationPlatforms) = preSolution
		Debug|Any CPU = Debug|Any CPU
		Release|Any CPU = Release|Any CPU
	EndGlobalSection
	GlobalSection(ProjectConfigurationPlatforms) = postSolution
		{297EF777-C0E8-4BC2-97BB-46ADAE739E4E}.Debug|Any CPU.ActiveCfg = Debug|Any CPU
		{297EF777-C0E8-4BC2-97BB-46ADAE739E4E}.Debug|Any CPU.Build.0 = Debug|Any CPU
		{297EF777-C0E8-4BC2-97BB-46ADAE739E4E}.Release|Any CPU.ActiveCfg = Release|Any CPU
		{297EF777-C0E8-4BC2-97BB-46ADAE739E4E}.Release|Any CPU.Build.0 = Release|Any CPU
		{9FF19D11-DDE5-44B2-B907-03A804D89B1B}.Debug|Any CPU.ActiveCfg = Debug|Any CPU
		{9FF19D11-DDE5-44B2-B907-03A804D89B1B}.Debug|Any CPU.Build.0 = Debug|Any CPU
		{9FF19D11-DDE5-44B2-B907-03A804D89B1B}.Release|Any CPU.ActiveCfg = Release|Any CPU
		{9FF19D11-DDE5-44B2-B907-03A804D89B1B}.Release|Any CPU.Build.0 = Release|Any CPU
		{64072EAB-9085-491E-84FC-B96EE7E45B84}.Debug|Any CPU.ActiveCfg = Debug|Any CPU
		{64072EAB-9085-491E-84FC-B96EE7E45B84}.Debug|Any CPU.Build.0 = Debug|Any CPU
		{64072EAB-9085-491E-84FC-B96EE7E45B84}.Release|Any CPU.ActiveCfg = Release|Any CPU
		{64072EAB-9085-491E-84FC-B96EE7E45B84}.Release|Any CPU.Build.0 = Release|Any CPU
		{FB5BEEE5-C7DF-4597-80EF-9FA677B04357}.Debug|Any CPU.ActiveCfg = Debug|Any CPU
		{FB5BEEE5-C7DF-4597-80EF-9FA677B04357}.Debug|Any CPU.Build.0 = Debug|Any CPU
		{FB5BEEE5-C7DF-4597-80EF-9FA677B04357}.Release|Any CPU.ActiveCfg = Release|Any CPU
		{FB5BEEE5-C7DF-4597-80EF-9FA677B04357}.Release|Any CPU.Build.0 = Release|Any CPU
	EndGlobalSection
	GlobalSection(SolutionProperties) = preSolution
		HideSolutionNode = FALSE
	EndGlobalSection
	GlobalSection(ExtensibilityGlobals) = postSolution
		SolutionGuid = {9AA0E054-45CC-4ADF-BFEC-3A40B6E75950}
	EndGlobalSection
EndGlobal
